[[package]]
category = "dev"
description = "Atomic file writes."
marker = "sys_platform == \"win32\""
name = "atomicwrites"
optional = false
python-versions = ">=2.7, !=3.0.*, !=3.1.*, !=3.2.*, !=3.3.*"
version = "1.4.0"

[[package]]
category = "dev"
description = "Classes Without Boilerplate"
name = "attrs"
optional = false
python-versions = ">=2.7, !=3.0.*, !=3.1.*, !=3.2.*, !=3.3.*"
version = "19.3.0"

[package.extras]
azure-pipelines = ["coverage", "hypothesis", "pympler", "pytest (>=4.3.0)", "six", "zope.interface", "pytest-azurepipelines"]
dev = ["coverage", "hypothesis", "pympler", "pytest (>=4.3.0)", "six", "zope.interface", "sphinx", "pre-commit"]
docs = ["sphinx", "zope.interface"]
tests = ["coverage", "hypothesis", "pympler", "pytest (>=4.3.0)", "six", "zope.interface"]

[[package]]
category = "main"
description = "Python package for providing Mozilla's CA Bundle."
name = "certifi"
optional = false
python-versions = "*"
version = "2020.6.20"

[[package]]
category = "main"
description = "Foreign Function Interface for Python calling C code."
name = "cffi"
optional = false
python-versions = "*"
version = "1.14.0"

[package.dependencies]
pycparser = "*"

[[package]]
category = "main"
description = "Universal encoding detector for Python 2 and 3"
name = "chardet"
optional = false
python-versions = "*"
version = "3.0.4"

[[package]]
category = "dev"
description = "Cross-platform colored terminal text."
marker = "sys_platform == \"win32\""
name = "colorama"
optional = false
python-versions = ">=2.7, !=3.0.*, !=3.1.*, !=3.2.*, !=3.3.*, !=3.4.*"
version = "0.4.3"

[[package]]
category = "dev"
description = "Code coverage measurement for Python"
name = "coverage"
optional = false
python-versions = ">=2.7, !=3.0.*, !=3.1.*, !=3.2.*, !=3.3.*, !=3.4.*, <4"
version = "5.2"

[package.extras]
toml = ["toml"]

[[package]]
category = "main"
description = "cryptography is a package which provides cryptographic recipes and primitives to Python developers."
name = "cryptography"
optional = false
python-versions = ">=2.7,!=3.0.*,!=3.1.*,!=3.2.*,!=3.3.*,!=3.4.*"
version = "2.9.2"

[package.dependencies]
cffi = ">=1.8,<1.11.3 || >1.11.3"
six = ">=1.4.1"

[package.extras]
docs = ["sphinx (>=1.6.5,<1.8.0 || >1.8.0)", "sphinx-rtd-theme"]
docstest = ["doc8", "pyenchant (>=1.6.11)", "twine (>=1.12.0)", "sphinxcontrib-spelling (>=4.0.1)"]
idna = ["idna (>=2.1)"]
pep8test = ["flake8", "flake8-import-order", "pep8-naming"]
test = ["pytest (>=3.6.0,<3.9.0 || >3.9.0,<3.9.1 || >3.9.1,<3.9.2 || >3.9.2)", "pretend", "iso8601", "pytz", "hypothesis (>=1.11.4,<3.79.2 || >3.79.2)"]

[[package]]
category = "main"
description = "A backport of the dataclasses module for Python 3.6"
marker = "python_version >= \"3.6\" and python_version < \"3.7\""
name = "dataclasses"
optional = false
python-versions = ">=3.6, <3.7"
version = "0.7"

[[package]]
category = "dev"
description = "A mocking library for requests."
name = "httmock"
optional = false
python-versions = "*"
version = "1.3.0"

[package.dependencies]
requests = ">=1.0.0"

[[package]]
category = "main"
description = "Internationalized Domain Names in Applications (IDNA)"
name = "idna"
optional = false
python-versions = ">=2.7, !=3.0.*, !=3.1.*, !=3.2.*, !=3.3.*"
version = "2.10"

[[package]]
category = "dev"
description = "Read metadata from Python packages"
marker = "python_version < \"3.8\""
name = "importlib-metadata"
optional = false
python-versions = "!=3.0.*,!=3.1.*,!=3.2.*,!=3.3.*,!=3.4.*,>=2.7"
version = "1.7.0"

[package.dependencies]
zipp = ">=0.5"

[package.extras]
docs = ["sphinx", "rst.linker"]
testing = ["packaging", "pep517", "importlib-resources (>=1.3)"]

[[package]]
category = "dev"
description = "More routines for operating on iterables, beyond itertools"
name = "more-itertools"
optional = false
python-versions = ">=3.5"
version = "8.4.0"

[[package]]
category = "main"
description = "A dict-like object that ignore NoneType values for Python"
name = "optionaldict"
optional = false
python-versions = "*"
version = "0.1.1"

[[package]]
category = "dev"
description = "Core utilities for Python packages"
name = "packaging"
optional = false
python-versions = ">=2.7, !=3.0.*, !=3.1.*, !=3.2.*, !=3.3.*"
version = "20.4"

[package.dependencies]
pyparsing = ">=2.0.2"
six = "*"

[[package]]
category = "dev"
description = "plugin and hook calling mechanisms for python"
name = "pluggy"
optional = false
python-versions = ">=2.7, !=3.0.*, !=3.1.*, !=3.2.*, !=3.3.*"
version = "0.13.1"

[package.dependencies]
[package.dependencies.importlib-metadata]
python = "<3.8"
version = ">=0.12"

[package.extras]
dev = ["pre-commit", "tox"]

[[package]]
category = "dev"
description = "library with cross-python path, ini-parsing, io, code, log facilities"
name = "py"
optional = false
python-versions = ">=2.7, !=3.0.*, !=3.1.*, !=3.2.*, !=3.3.*"
version = "1.9.0"

[[package]]
category = "main"
description = "C parser in Python"
name = "pycparser"
optional = false
python-versions = ">=2.7, !=3.0.*, !=3.1.*, !=3.2.*, !=3.3.*"
version = "2.20"

[[package]]
category = "dev"
description = "\"A comprehensive, fast, pure Python memcached client\""
name = "pymemcache"
optional = false
python-versions = "*"
version = "3.2.0"

[package.dependencies]
six = "*"

[[package]]
category = "dev"
description = "Python parsing module"
name = "pyparsing"
optional = false
python-versions = ">=2.6, !=3.0.*, !=3.1.*, !=3.2.*"
version = "2.4.7"

[[package]]
category = "dev"
description = "pytest: simple powerful testing with Python"
name = "pytest"
optional = false
python-versions = ">=3.5"
version = "5.4.3"

[package.dependencies]
atomicwrites = ">=1.0"
attrs = ">=17.4.0"
colorama = "*"
more-itertools = ">=4.0.0"
packaging = "*"
pluggy = ">=0.12,<1.0"
py = ">=1.5.0"
wcwidth = "*"

[package.dependencies.importlib-metadata]
python = "<3.8"
version = ">=0.12"

[package.extras]
checkqa-mypy = ["mypy (v0.761)"]
testing = ["argcomplete", "hypothesis (>=3.56)", "mock", "nose", "requests", "xmlschema"]

[[package]]
category = "dev"
description = "Pytest plugin for measuring coverage."
name = "pytest-cov"
optional = false
python-versions = ">=2.7, !=3.0.*, !=3.1.*, !=3.2.*, !=3.3.*, !=3.4.*"
version = "2.10.0"

[package.dependencies]
coverage = ">=4.4"
pytest = ">=4.6"

[package.extras]
testing = ["fields", "hunter", "process-tests (2.0.2)", "six", "pytest-xdist", "virtualenv"]

[[package]]
category = "main"
description = "Extensions to the standard Python datetime module"
name = "python-dateutil"
optional = false
python-versions = "!=3.0.*,!=3.1.*,!=3.2.*,>=2.7"
version = "2.8.1"

[package.dependencies]
six = ">=1.5"

[[package]]
category = "dev"
description = "Python client for Redis key-value store"
name = "redis"
optional = false
python-versions = ">=2.7, !=3.0.*, !=3.1.*, !=3.2.*, !=3.3.*, !=3.4.*"
version = "3.5.3"

[package.extras]
hiredis = ["hiredis (>=0.1.3)"]

[[package]]
category = "main"
description = "Python HTTP for Humans."
name = "requests"
optional = false
python-versions = ">=2.7, !=3.0.*, !=3.1.*, !=3.2.*, !=3.3.*, !=3.4.*"
version = "2.24.0"

[package.dependencies]
certifi = ">=2017.4.17"
chardet = ">=3.0.2,<4"
idna = ">=2.5,<3"
urllib3 = ">=1.21.1,<1.25.0 || >1.25.0,<1.25.1 || >1.25.1,<1.26"

[package.extras]
security = ["pyOpenSSL (>=0.14)", "cryptography (>=1.3.4)"]
socks = ["PySocks (>=1.5.6,<1.5.7 || >1.5.7)", "win-inet-pton"]

[[package]]
category = "main"
description = "Python 2 and 3 compatibility utilities"
name = "six"
optional = false
python-versions = ">=2.7, !=3.0.*, !=3.1.*, !=3.2.*"
version = "1.15.0"

[[package]]
category = "main"
description = "HTTP library with thread-safe connection pooling, file post, and more."
name = "urllib3"
optional = false
python-versions = ">=2.7, !=3.0.*, !=3.1.*, !=3.2.*, !=3.3.*, !=3.4.*, <4"
version = "1.25.9"

[package.extras]
brotli = ["brotlipy (>=0.6.0)"]
secure = ["certifi", "cryptography (>=1.3.4)", "idna (>=2.0.0)", "pyOpenSSL (>=0.14)", "ipaddress"]
socks = ["PySocks (>=1.5.6,<1.5.7 || >1.5.7,<2.0)"]

[[package]]
category = "dev"
description = "Measures the displayed width of unicode strings in a terminal"
name = "wcwidth"
optional = false
python-versions = "*"
version = "0.2.5"

[[package]]
category = "main"
description = "Makes working with XML feel like you are working with JSON"
name = "xmltodict"
optional = false
python-versions = ">=2.7, !=3.0.*, !=3.1.*, !=3.2.*, !=3.3.*"
version = "0.12.0"

[[package]]
category = "dev"
description = "Backport of pathlib-compatible object wrapper for zip files"
marker = "python_version < \"3.8\""
name = "zipp"
optional = false
python-versions = ">=3.6"
version = "3.1.0"

[package.extras]
docs = ["sphinx", "jaraco.packaging (>=3.2)", "rst.linker (>=1.9)"]
testing = ["jaraco.itertools", "func-timeout"]

[metadata]
content-hash = "787646363efaf3b7c87fa138f2624908b04a7b793aa9ee59f8d00014be23c1a4"
python-versions = ">=3.6,<4"

[metadata.files]
atomicwrites = [
    {file = "atomicwrites-1.4.0-py2.py3-none-any.whl", hash = "sha256:6d1784dea7c0c8d4a5172b6c620f40b6e4cbfdf96d783691f2e1302a7b88e197"},
    {file = "atomicwrites-1.4.0.tar.gz", hash = "sha256:ae70396ad1a434f9c7046fd2dd196fc04b12f9e91ffb859164193be8b6168a7a"},
]
attrs = [
    {file = "attrs-19.3.0-py2.py3-none-any.whl", hash = "sha256:08a96c641c3a74e44eb59afb61a24f2cb9f4d7188748e76ba4bb5edfa3cb7d1c"},
    {file = "attrs-19.3.0.tar.gz", hash = "sha256:f7b7ce16570fe9965acd6d30101a28f62fb4a7f9e926b3bbc9b61f8b04247e72"},
]
certifi = [
    {file = "certifi-2020.6.20-py2.py3-none-any.whl", hash = "sha256:8fc0819f1f30ba15bdb34cceffb9ef04d99f420f68eb75d901e9560b8749fc41"},
    {file = "certifi-2020.6.20.tar.gz", hash = "sha256:5930595817496dd21bb8dc35dad090f1c2cd0adfaf21204bf6732ca5d8ee34d3"},
]
cffi = [
    {file = "cffi-1.14.0-cp27-cp27m-macosx_10_9_x86_64.whl", hash = "sha256:1cae98a7054b5c9391eb3249b86e0e99ab1e02bb0cc0575da191aedadbdf4384"},
    {file = "cffi-1.14.0-cp27-cp27m-manylinux1_i686.whl", hash = "sha256:cf16e3cf6c0a5fdd9bc10c21687e19d29ad1fe863372b5543deaec1039581a30"},
    {file = "cffi-1.14.0-cp27-cp27m-manylinux1_x86_64.whl", hash = "sha256:f2b0fa0c01d8a0c7483afd9f31d7ecf2d71760ca24499c8697aeb5ca37dc090c"},
    {file = "cffi-1.14.0-cp27-cp27m-win32.whl", hash = "sha256:99f748a7e71ff382613b4e1acc0ac83bf7ad167fb3802e35e90d9763daba4d78"},
    {file = "cffi-1.14.0-cp27-cp27m-win_amd64.whl", hash = "sha256:c420917b188a5582a56d8b93bdd8e0f6eca08c84ff623a4c16e809152cd35793"},
    {file = "cffi-1.14.0-cp27-cp27mu-manylinux1_i686.whl", hash = "sha256:399aed636c7d3749bbed55bc907c3288cb43c65c4389964ad5ff849b6370603e"},
    {file = "cffi-1.14.0-cp27-cp27mu-manylinux1_x86_64.whl", hash = "sha256:cab50b8c2250b46fe738c77dbd25ce017d5e6fb35d3407606e7a4180656a5a6a"},
    {file = "cffi-1.14.0-cp35-cp35m-macosx_10_9_x86_64.whl", hash = "sha256:001bf3242a1bb04d985d63e138230802c6c8d4db3668fb545fb5005ddf5bb5ff"},
    {file = "cffi-1.14.0-cp35-cp35m-manylinux1_i686.whl", hash = "sha256:e56c744aa6ff427a607763346e4170629caf7e48ead6921745986db3692f987f"},
    {file = "cffi-1.14.0-cp35-cp35m-manylinux1_x86_64.whl", hash = "sha256:b8c78301cefcf5fd914aad35d3c04c2b21ce8629b5e4f4e45ae6812e461910fa"},
    {file = "cffi-1.14.0-cp35-cp35m-win32.whl", hash = "sha256:8c0ffc886aea5df6a1762d0019e9cb05f825d0eec1f520c51be9d198701daee5"},
    {file = "cffi-1.14.0-cp35-cp35m-win_amd64.whl", hash = "sha256:8a6c688fefb4e1cd56feb6c511984a6c4f7ec7d2a1ff31a10254f3c817054ae4"},
    {file = "cffi-1.14.0-cp36-cp36m-macosx_10_9_x86_64.whl", hash = "sha256:95cd16d3dee553f882540c1ffe331d085c9e629499ceadfbda4d4fde635f4b7d"},
    {file = "cffi-1.14.0-cp36-cp36m-manylinux1_i686.whl", hash = "sha256:66e41db66b47d0d8672d8ed2708ba91b2f2524ece3dee48b5dfb36be8c2f21dc"},
    {file = "cffi-1.14.0-cp36-cp36m-manylinux1_x86_64.whl", hash = "sha256:028a579fc9aed3af38f4892bdcc7390508adabc30c6af4a6e4f611b0c680e6ac"},
    {file = "cffi-1.14.0-cp36-cp36m-win32.whl", hash = "sha256:cef128cb4d5e0b3493f058f10ce32365972c554572ff821e175dbc6f8ff6924f"},
    {file = "cffi-1.14.0-cp36-cp36m-win_amd64.whl", hash = "sha256:337d448e5a725bba2d8293c48d9353fc68d0e9e4088d62a9571def317797522b"},
    {file = "cffi-1.14.0-cp37-cp37m-macosx_10_9_x86_64.whl", hash = "sha256:e577934fc5f8779c554639376beeaa5657d54349096ef24abe8c74c5d9c117c3"},
    {file = "cffi-1.14.0-cp37-cp37m-manylinux1_i686.whl", hash = "sha256:62ae9af2d069ea2698bf536dcfe1e4eed9090211dbaafeeedf5cb6c41b352f66"},
    {file = "cffi-1.14.0-cp37-cp37m-manylinux1_x86_64.whl", hash = "sha256:14491a910663bf9f13ddf2bc8f60562d6bc5315c1f09c704937ef17293fb85b0"},
    {file = "cffi-1.14.0-cp37-cp37m-win32.whl", hash = "sha256:c43866529f2f06fe0edc6246eb4faa34f03fe88b64a0a9a942561c8e22f4b71f"},
    {file = "cffi-1.14.0-cp37-cp37m-win_amd64.whl", hash = "sha256:2089ed025da3919d2e75a4d963d008330c96751127dd6f73c8dc0c65041b4c26"},
    {file = "cffi-1.14.0-cp38-cp38-macosx_10_9_x86_64.whl", hash = "sha256:3b911c2dbd4f423b4c4fcca138cadde747abdb20d196c4a48708b8a2d32b16dd"},
    {file = "cffi-1.14.0-cp38-cp38-manylinux1_i686.whl", hash = "sha256:7e63cbcf2429a8dbfe48dcc2322d5f2220b77b2e17b7ba023d6166d84655da55"},
    {file = "cffi-1.14.0-cp38-cp38-manylinux1_x86_64.whl", hash = "sha256:3d311bcc4a41408cf5854f06ef2c5cab88f9fded37a3b95936c9879c1640d4c2"},
    {file = "cffi-1.14.0-cp38-cp38-win32.whl", hash = "sha256:675686925a9fb403edba0114db74e741d8181683dcf216be697d208857e04ca8"},
    {file = "cffi-1.14.0-cp38-cp38-win_amd64.whl", hash = "sha256:00789914be39dffba161cfc5be31b55775de5ba2235fe49aa28c148236c4e06b"},
    {file = "cffi-1.14.0.tar.gz", hash = "sha256:2d384f4a127a15ba701207f7639d94106693b6cd64173d6c8988e2c25f3ac2b6"},
]
chardet = [
    {file = "chardet-3.0.4-py2.py3-none-any.whl", hash = "sha256:fc323ffcaeaed0e0a02bf4d117757b98aed530d9ed4531e3e15460124c106691"},
    {file = "chardet-3.0.4.tar.gz", hash = "sha256:84ab92ed1c4d4f16916e05906b6b75a6c0fb5db821cc65e70cbd64a3e2a5eaae"},
]
colorama = [
    {file = "colorama-0.4.3-py2.py3-none-any.whl", hash = "sha256:7d73d2a99753107a36ac6b455ee49046802e59d9d076ef8e47b61499fa29afff"},
    {file = "colorama-0.4.3.tar.gz", hash = "sha256:e96da0d330793e2cb9485e9ddfd918d456036c7149416295932478192f4436a1"},
]
coverage = [
    {file = "coverage-5.2-cp27-cp27m-macosx_10_13_intel.whl", hash = "sha256:d9ad0a988ae20face62520785ec3595a5e64f35a21762a57d115dae0b8fb894a"},
    {file = "coverage-5.2-cp27-cp27m-macosx_10_9_x86_64.whl", hash = "sha256:4bb385a747e6ae8a65290b3df60d6c8a692a5599dc66c9fa3520e667886f2e10"},
    {file = "coverage-5.2-cp27-cp27m-manylinux1_i686.whl", hash = "sha256:9702e2cb1c6dec01fb8e1a64c015817c0800a6eca287552c47a5ee0ebddccf62"},
    {file = "coverage-5.2-cp27-cp27m-manylinux1_x86_64.whl", hash = "sha256:42fa45a29f1059eda4d3c7b509589cc0343cd6bbf083d6118216830cd1a51613"},
    {file = "coverage-5.2-cp27-cp27m-win32.whl", hash = "sha256:41d88736c42f4a22c494c32cc48a05828236e37c991bd9760f8923415e3169e4"},
    {file = "coverage-5.2-cp27-cp27m-win_amd64.whl", hash = "sha256:bbb387811f7a18bdc61a2ea3d102be0c7e239b0db9c83be7bfa50f095db5b92a"},
    {file = "coverage-5.2-cp27-cp27mu-manylinux1_i686.whl", hash = "sha256:3740b796015b889e46c260ff18b84683fa2e30f0f75a171fb10d2bf9fb91fc70"},
    {file = "coverage-5.2-cp27-cp27mu-manylinux1_x86_64.whl", hash = "sha256:ebf2431b2d457ae5217f3a1179533c456f3272ded16f8ed0b32961a6d90e38ee"},
    {file = "coverage-5.2-cp35-cp35m-macosx_10_13_x86_64.whl", hash = "sha256:d54d7ea74cc00482a2410d63bf10aa34ebe1c49ac50779652106c867f9986d6b"},
    {file = "coverage-5.2-cp35-cp35m-manylinux1_i686.whl", hash = "sha256:87bdc8135b8ee739840eee19b184804e5d57f518578ffc797f5afa2c3c297913"},
    {file = "coverage-5.2-cp35-cp35m-manylinux1_x86_64.whl", hash = "sha256:ed9a21502e9223f563e071759f769c3d6a2e1ba5328c31e86830368e8d78bc9c"},
    {file = "coverage-5.2-cp35-cp35m-win32.whl", hash = "sha256:509294f3e76d3f26b35083973fbc952e01e1727656d979b11182f273f08aa80b"},
    {file = "coverage-5.2-cp35-cp35m-win_amd64.whl", hash = "sha256:ca63dae130a2e788f2b249200f01d7fa240f24da0596501d387a50e57aa7075e"},
    {file = "coverage-5.2-cp36-cp36m-macosx_10_13_x86_64.whl", hash = "sha256:5c74c5b6045969b07c9fb36b665c9cac84d6c174a809fc1b21bdc06c7836d9a0"},
    {file = "coverage-5.2-cp36-cp36m-manylinux1_i686.whl", hash = "sha256:c32aa13cc3fe86b0f744dfe35a7f879ee33ac0a560684fef0f3e1580352b818f"},
    {file = "coverage-5.2-cp36-cp36m-manylinux1_x86_64.whl", hash = "sha256:1e58fca3d9ec1a423f1b7f2aa34af4f733cbfa9020c8fe39ca451b6071237405"},
    {file = "coverage-5.2-cp36-cp36m-win32.whl", hash = "sha256:3b2c34690f613525672697910894b60d15800ac7e779fbd0fccf532486c1ba40"},
    {file = "coverage-5.2-cp36-cp36m-win_amd64.whl", hash = "sha256:a4d511012beb967a39580ba7d2549edf1e6865a33e5fe51e4dce550522b3ac0e"},
    {file = "coverage-5.2-cp37-cp37m-macosx_10_13_x86_64.whl", hash = "sha256:32ecee61a43be509b91a526819717d5e5650e009a8d5eda8631a59c721d5f3b6"},
    {file = "coverage-5.2-cp37-cp37m-manylinux1_i686.whl", hash = "sha256:6f91b4492c5cde83bfe462f5b2b997cdf96a138f7c58b1140f05de5751623cf1"},
    {file = "coverage-5.2-cp37-cp37m-manylinux1_x86_64.whl", hash = "sha256:bfcc811883699ed49afc58b1ed9f80428a18eb9166422bce3c31a53dba00fd1d"},
    {file = "coverage-5.2-cp37-cp37m-win32.whl", hash = "sha256:60a3d36297b65c7f78329b80120f72947140f45b5c7a017ea730f9112b40f2ec"},
    {file = "coverage-5.2-cp37-cp37m-win_amd64.whl", hash = "sha256:12eaccd86d9a373aea59869bc9cfa0ab6ba8b1477752110cb4c10d165474f703"},
    {file = "coverage-5.2-cp38-cp38-macosx_10_13_x86_64.whl", hash = "sha256:d82db1b9a92cb5c67661ca6616bdca6ff931deceebb98eecbd328812dab52032"},
    {file = "coverage-5.2-cp38-cp38-manylinux1_i686.whl", hash = "sha256:214eb2110217f2636a9329bc766507ab71a3a06a8ea30cdeebb47c24dce5972d"},
    {file = "coverage-5.2-cp38-cp38-manylinux1_x86_64.whl", hash = "sha256:8a3decd12e7934d0254939e2bf434bf04a5890c5bf91a982685021786a08087e"},
    {file = "coverage-5.2-cp38-cp38-win32.whl", hash = "sha256:1dcebae667b73fd4aa69237e6afb39abc2f27520f2358590c1b13dd90e32abe7"},
    {file = "coverage-5.2-cp38-cp38-win_amd64.whl", hash = "sha256:f50632ef2d749f541ca8e6c07c9928a37f87505ce3a9f20c8446ad310f1aa87b"},
    {file = "coverage-5.2-cp39-cp39-macosx_10_13_x86_64.whl", hash = "sha256:7403675df5e27745571aba1c957c7da2dacb537c21e14007ec3a417bf31f7f3d"},
    {file = "coverage-5.2-cp39-cp39-manylinux1_i686.whl", hash = "sha256:0fc4e0d91350d6f43ef6a61f64a48e917637e1dcfcba4b4b7d543c628ef82c2d"},
    {file = "coverage-5.2-cp39-cp39-manylinux1_x86_64.whl", hash = "sha256:25fe74b5b2f1b4abb11e103bb7984daca8f8292683957d0738cd692f6a7cc64c"},
    {file = "coverage-5.2-cp39-cp39-win32.whl", hash = "sha256:d67599521dff98ec8c34cd9652cbcfe16ed076a2209625fca9dc7419b6370e5c"},
    {file = "coverage-5.2-cp39-cp39-win_amd64.whl", hash = "sha256:10f2a618a6e75adf64329f828a6a5b40244c1c50f5ef4ce4109e904e69c71bd2"},
    {file = "coverage-5.2.tar.gz", hash = "sha256:1874bdc943654ba46d28f179c1846f5710eda3aeb265ff029e0ac2b52daae404"},
]
cryptography = [
    {file = "cryptography-2.9.2-cp27-cp27m-macosx_10_9_x86_64.whl", hash = "sha256:daf54a4b07d67ad437ff239c8a4080cfd1cc7213df57d33c97de7b4738048d5e"},
    {file = "cryptography-2.9.2-cp27-cp27m-manylinux1_x86_64.whl", hash = "sha256:3b3eba865ea2754738616f87292b7f29448aec342a7c720956f8083d252bf28b"},
    {file = "cryptography-2.9.2-cp27-cp27m-manylinux2010_x86_64.whl", hash = "sha256:c447cf087cf2dbddc1add6987bbe2f767ed5317adb2d08af940db517dd704365"},
    {file = "cryptography-2.9.2-cp27-cp27m-win32.whl", hash = "sha256:f118a95c7480f5be0df8afeb9a11bd199aa20afab7a96bcf20409b411a3a85f0"},
    {file = "cryptography-2.9.2-cp27-cp27m-win_amd64.whl", hash = "sha256:c4fd17d92e9d55b84707f4fd09992081ba872d1a0c610c109c18e062e06a2e55"},
    {file = "cryptography-2.9.2-cp27-cp27mu-manylinux1_x86_64.whl", hash = "sha256:d0d5aeaedd29be304848f1c5059074a740fa9f6f26b84c5b63e8b29e73dfc270"},
    {file = "cryptography-2.9.2-cp27-cp27mu-manylinux2010_x86_64.whl", hash = "sha256:1e4014639d3d73fbc5ceff206049c5a9a849cefd106a49fa7aaaa25cc0ce35cf"},
    {file = "cryptography-2.9.2-cp35-abi3-macosx_10_9_x86_64.whl", hash = "sha256:96c080ae7118c10fcbe6229ab43eb8b090fccd31a09ef55f83f690d1ef619a1d"},
    {file = "cryptography-2.9.2-cp35-abi3-manylinux1_x86_64.whl", hash = "sha256:e993468c859d084d5579e2ebee101de8f5a27ce8e2159959b6673b418fd8c785"},
    {file = "cryptography-2.9.2-cp35-abi3-manylinux2010_x86_64.whl", hash = "sha256:88c881dd5a147e08d1bdcf2315c04972381d026cdb803325c03fe2b4a8ed858b"},
    {file = "cryptography-2.9.2-cp35-cp35m-win32.whl", hash = "sha256:651448cd2e3a6bc2bb76c3663785133c40d5e1a8c1a9c5429e4354201c6024ae"},
    {file = "cryptography-2.9.2-cp35-cp35m-win_amd64.whl", hash = "sha256:726086c17f94747cedbee6efa77e99ae170caebeb1116353c6cf0ab67ea6829b"},
    {file = "cryptography-2.9.2-cp36-cp36m-win32.whl", hash = "sha256:091d31c42f444c6f519485ed528d8b451d1a0c7bf30e8ca583a0cac44b8a0df6"},
    {file = "cryptography-2.9.2-cp36-cp36m-win_amd64.whl", hash = "sha256:bb1f0281887d89617b4c68e8db9a2c42b9efebf2702a3c5bf70599421a8623e3"},
    {file = "cryptography-2.9.2-cp37-cp37m-win32.whl", hash = "sha256:18452582a3c85b96014b45686af264563e3e5d99d226589f057ace56196ec78b"},
    {file = "cryptography-2.9.2-cp37-cp37m-win_amd64.whl", hash = "sha256:22e91636a51170df0ae4dcbd250d318fd28c9f491c4e50b625a49964b24fe46e"},
    {file = "cryptography-2.9.2-cp38-cp38-win32.whl", hash = "sha256:844a76bc04472e5135b909da6aed84360f522ff5dfa47f93e3dd2a0b84a89fa0"},
    {file = "cryptography-2.9.2-cp38-cp38-win_amd64.whl", hash = "sha256:1dfa985f62b137909496e7fc182dac687206d8d089dd03eaeb28ae16eec8e7d5"},
    {file = "cryptography-2.9.2.tar.gz", hash = "sha256:a0c30272fb4ddda5f5ffc1089d7405b7a71b0b0f51993cb4e5dbb4590b2fc229"},
]
dataclasses = [
    {file = "dataclasses-0.7-py3-none-any.whl", hash = "sha256:3459118f7ede7c8bea0fe795bff7c6c2ce287d01dd226202f7c9ebc0610a7836"},
    {file = "dataclasses-0.7.tar.gz", hash = "sha256:494a6dcae3b8bcf80848eea2ef64c0cc5cd307ffc263e17cdf42f3e5420808e6"},
]
httmock = [
    {file = "httmock-1.3.0.tar.gz", hash = "sha256:e0bbaced224426bcd994a5f1c64ab60e0c923ea615825c53e6c0190b2a7341fe"},
]
idna = [
    {file = "idna-2.10-py2.py3-none-any.whl", hash = "sha256:b97d804b1e9b523befed77c48dacec60e6dcb0b5391d57af6a65a312a90648c0"},
    {file = "idna-2.10.tar.gz", hash = "sha256:b307872f855b18632ce0c21c5e45be78c0ea7ae4c15c828c20788b26921eb3f6"},
]
importlib-metadata = [
    {file = "importlib_metadata-1.7.0-py2.py3-none-any.whl", hash = "sha256:dc15b2969b4ce36305c51eebe62d418ac7791e9a157911d58bfb1f9ccd8e2070"},
    {file = "importlib_metadata-1.7.0.tar.gz", hash = "sha256:90bb658cdbbf6d1735b6341ce708fc7024a3e14e99ffdc5783edea9f9b077f83"},
]
more-itertools = [
    {file = "more-itertools-8.4.0.tar.gz", hash = "sha256:68c70cc7167bdf5c7c9d8f6954a7837089c6a36bf565383919bb595efb8a17e5"},
    {file = "more_itertools-8.4.0-py3-none-any.whl", hash = "sha256:b78134b2063dd214000685165d81c154522c3ee0a1c0d4d113c80361c234c5a2"},
]
optionaldict = [
    {file = "optionaldict-0.1.1-py2.py3-none-any.whl", hash = "sha256:0bfb42d10f0a79b062ec2bdfa010f8346005ec21afdb73d541d13723b128b121"},
    {file = "optionaldict-0.1.1.tar.gz", hash = "sha256:0bcf077ca329ae337995fc8fe847b580eadbd7f39b3483b274425874a9407768"},
    {file = "optionaldict-0.1.1.zip", hash = "sha256:2e02e35d80177457f241d841be9f8b3bf1847d72f81be1aab7814885b43b4320"},
]
packaging = [
    {file = "packaging-20.4-py2.py3-none-any.whl", hash = "sha256:998416ba6962ae7fbd6596850b80e17859a5753ba17c32284f67bfff33784181"},
    {file = "packaging-20.4.tar.gz", hash = "sha256:4357f74f47b9c12db93624a82154e9b120fa8293699949152b22065d556079f8"},
]
pluggy = [
    {file = "pluggy-0.13.1-py2.py3-none-any.whl", hash = "sha256:966c145cd83c96502c3c3868f50408687b38434af77734af1e9ca461a4081d2d"},
    {file = "pluggy-0.13.1.tar.gz", hash = "sha256:15b2acde666561e1298d71b523007ed7364de07029219b604cf808bfa1c765b0"},
]
py = [
    {file = "py-1.9.0-py2.py3-none-any.whl", hash = "sha256:366389d1db726cd2fcfc79732e75410e5fe4d31db13692115529d34069a043c2"},
    {file = "py-1.9.0.tar.gz", hash = "sha256:9ca6883ce56b4e8da7e79ac18787889fa5206c79dcc67fb065376cd2fe03f342"},
]
pycparser = [
    {file = "pycparser-2.20-py2.py3-none-any.whl", hash = "sha256:7582ad22678f0fcd81102833f60ef8d0e57288b6b5fb00323d101be910e35705"},
    {file = "pycparser-2.20.tar.gz", hash = "sha256:2d475327684562c3a96cc71adf7dc8c4f0565175cf86b6d7a404ff4c771f15f0"},
]
pymemcache = [
    {file = "pymemcache-3.2.0-py2.py3-none-any.whl", hash = "sha256:48f02eee3eb73fdb44e1ce401d296679f8b1c1c79bcd84b8a02f15379992fac0"},
    {file = "pymemcache-3.2.0.tar.gz", hash = "sha256:8144ffe72d02c43d2f9c2099c7e209006965fa20dbfe3fa068b6e8208b64e44d"},
]
pyparsing = [
    {file = "pyparsing-2.4.7-py2.py3-none-any.whl", hash = "sha256:ef9d7589ef3c200abe66653d3f1ab1033c3c419ae9b9bdb1240a85b024efc88b"},
    {file = "pyparsing-2.4.7.tar.gz", hash = "sha256:c203ec8783bf771a155b207279b9bccb8dea02d8f0c9e5f8ead507bc3246ecc1"},
]
pytest = [
    {file = "pytest-5.4.3-py3-none-any.whl", hash = "sha256:5c0db86b698e8f170ba4582a492248919255fcd4c79b1ee64ace34301fb589a1"},
    {file = "pytest-5.4.3.tar.gz", hash = "sha256:7979331bfcba207414f5e1263b5a0f8f521d0f457318836a7355531ed1a4c7d8"},
]
pytest-cov = [
    {file = "pytest-cov-2.10.0.tar.gz", hash = "sha256:1a629dc9f48e53512fcbfda6b07de490c374b0c83c55ff7a1720b3fccff0ac87"},
    {file = "pytest_cov-2.10.0-py2.py3-none-any.whl", hash = "sha256:6e6d18092dce6fad667cd7020deed816f858ad3b49d5b5e2b1cc1c97a4dba65c"},
]
python-dateutil = [
    {file = "python-dateutil-2.8.1.tar.gz", hash = "sha256:73ebfe9dbf22e832286dafa60473e4cd239f8592f699aa5adaf10050e6e1823c"},
    {file = "python_dateutil-2.8.1-py2.py3-none-any.whl", hash = "sha256:75bb3f31ea686f1197762692a9ee6a7550b59fc6ca3a1f4b5d7e32fb98e2da2a"},
]
redis = [
    {file = "redis-3.5.3-py2.py3-none-any.whl", hash = "sha256:432b788c4530cfe16d8d943a09d40ca6c16149727e4afe8c2c9d5580c59d9f24"},
    {file = "redis-3.5.3.tar.gz", hash = "sha256:0e7e0cfca8660dea8b7d5cd8c4f6c5e29e11f31158c0b0ae91a397f00e5a05a2"},
]
requests = [
    {file = "requests-2.24.0-py2.py3-none-any.whl", hash = "sha256:fe75cc94a9443b9246fc7049224f75604b113c36acb93f87b80ed42c44cbb898"},
    {file = "requests-2.24.0.tar.gz", hash = "sha256:b3559a131db72c33ee969480840fff4bb6dd111de7dd27c8ee1f820f4f00231b"},
]
six = [
    {file = "six-1.15.0-py2.py3-none-any.whl", hash = "sha256:8b74bedcbbbaca38ff6d7491d76f2b06b3592611af620f8426e82dddb04a5ced"},
    {file = "six-1.15.0.tar.gz", hash = "sha256:30639c035cdb23534cd4aa2dd52c3bf48f06e5f4a941509c8bafd8ce11080259"},
]
urllib3 = [
    {file = "urllib3-1.25.9-py2.py3-none-any.whl", hash = "sha256:88206b0eb87e6d677d424843ac5209e3fb9d0190d0ee169599165ec25e9d9115"},
    {file = "urllib3-1.25.9.tar.gz", hash = "sha256:3018294ebefce6572a474f0604c2021e33b3fd8006ecd11d62107a5d2a963527"},
]
wcwidth = [
    {file = "wcwidth-0.2.5-py2.py3-none-any.whl", hash = "sha256:beb4802a9cebb9144e99086eff703a642a13d6a0052920003a230f3294bbe784"},
    {file = "wcwidth-0.2.5.tar.gz", hash = "sha256:c4d647b99872929fdb7bdcaa4fbe7f01413ed3d98077df798530e5b04f116c83"},
]
xmltodict = [
    {file = "xmltodict-0.12.0-py2.py3-none-any.whl", hash = "sha256:8bbcb45cc982f48b2ca8fe7e7827c5d792f217ecf1792626f808bf41c3b86051"},
    {file = "xmltodict-0.12.0.tar.gz", hash = "sha256:50d8c638ed7ecb88d90561beedbf720c9b4e851a9fa6c47ebd64e99d166d8a21"},
]
zipp = [
    {file = "zipp-3.1.0-py3-none-any.whl", hash = "sha256:aa36550ff0c0b7ef7fa639055d797116ee891440eac1a56f378e2d3179e0320b"},
    {file = "zipp-3.1.0.tar.gz", hash = "sha256:c599e4d75c98f6798c509911d08a22e6c021d074469042177c8c86fb92eefd96"},
]
